
Microsoft Visual Studio Solution File, Format Version 12.00
# Visual Studio 15
VisualStudioVersion = 15.0.26730.12
MinimumVisualStudioVersion = 10.0.40219.1
Project("{FAE04EC0-301F-11D3-BF4B-00C04F79EFBC}") = "Ex-02-strings-simplereplace", "Ex-02-strings-simplereplace\Ex-02-strings-simplereplace.csproj", "{1C3B0C5C-7231-481B-AA81-8C5D30D0752E}"
EndProject
Global
	GlobalSection(SolutionConfigurationPlatforms) = preSolution
		Debug|Any CPU = Debug|Any CPU
		Release|Any CPU = Release|Any CPU
	EndGlobalSection
	GlobalSection(ProjectConfigurationPlatforms) = postSolution
		{1C3B0C5C-7231-481B-AA81-8C5D30D0752E}.Debug|Any CPU.ActiveCfg = Debug|Any CPU
		{1C3B0C5C-7231-481B-AA81-8C5D30D0752E}.Debug|Any CPU.Build.0 = Debug|Any CPU
		{1C3B0C5C-7231-481B-AA81-8C5D30D0752E}.Release|Any CPU.ActiveCfg = Release|Any CPU
		{1C3B0C5C-7231-481B-AA81-8C5D30D0752E}.Release|Any CPU.Build.0 = Release|Any CPU
	EndGlobalSection
	GlobalSection(SolutionProperties) = preSolution
		HideSolutionNode = FALSE
	EndGlobalSection
	GlobalSection(ExtensibilityGlobals) = postSolution
		SolutionGuid = {9D8B5637-B99D-410B-818D-2BCAB9986A49}
	EndGlobalSection
EndGlobal
