
Microsoft Visual Studio Solution File, Format Version 12.00
# Visual Studio 15
VisualStudioVersion = 15.0.26730.12
MinimumVisualStudioVersion = 10.0.40219.1
Project("{FAE04EC0-301F-11D3-BF4B-00C04F79EFBC}") = "Lines_Practice", "Lines_Practice\Lines_Practice.csproj", "{AAF44932-F1E6-45C3-AF41-580624C44DCD}"
EndProject
Global
	GlobalSection(SolutionConfigurationPlatforms) = preSolution
		Debug|Any CPU = Debug|Any CPU
		Release|Any CPU = Release|Any CPU
	EndGlobalSection
	GlobalSection(ProjectConfigurationPlatforms) = postSolution
		{AAF44932-F1E6-45C3-AF41-580624C44DCD}.Debug|Any CPU.ActiveCfg = Debug|Any CPU
		{AAF44932-F1E6-45C3-AF41-580624C44DCD}.Debug|Any CPU.Build.0 = Debug|Any CPU
		{AAF44932-F1E6-45C3-AF41-580624C44DCD}.Release|Any CPU.ActiveCfg = Release|Any CPU
		{AAF44932-F1E6-45C3-AF41-580624C44DCD}.Release|Any CPU.Build.0 = Release|Any CPU
	EndGlobalSection
	GlobalSection(SolutionProperties) = preSolution
		HideSolutionNode = FALSE
	EndGlobalSection
	GlobalSection(ExtensibilityGlobals) = postSolution
		SolutionGuid = {6AE0762F-063C-4FB9-B7E3-515336BE78B1}
	EndGlobalSection
EndGlobal
