
Microsoft Visual Studio Solution File, Format Version 12.00
# Visual Studio 15
VisualStudioVersion = 15.0.26730.12
MinimumVisualStudioVersion = 10.0.40219.1
Project("{FAE04EC0-301F-11D3-BF4B-00C04F79EFBC}") = "Number_Operations", "Number_Operations\Number_Operations.csproj", "{9A57DF41-0603-4276-9E92-6CA662D182E8}"
EndProject
Global
	GlobalSection(SolutionConfigurationPlatforms) = preSolution
		Debug|Any CPU = Debug|Any CPU
		Release|Any CPU = Release|Any CPU
	EndGlobalSection
	GlobalSection(ProjectConfigurationPlatforms) = postSolution
		{9A57DF41-0603-4276-9E92-6CA662D182E8}.Debug|Any CPU.ActiveCfg = Debug|Any CPU
		{9A57DF41-0603-4276-9E92-6CA662D182E8}.Debug|Any CPU.Build.0 = Debug|Any CPU
		{9A57DF41-0603-4276-9E92-6CA662D182E8}.Release|Any CPU.ActiveCfg = Release|Any CPU
		{9A57DF41-0603-4276-9E92-6CA662D182E8}.Release|Any CPU.Build.0 = Release|Any CPU
	EndGlobalSection
	GlobalSection(SolutionProperties) = preSolution
		HideSolutionNode = FALSE
	EndGlobalSection
	GlobalSection(ExtensibilityGlobals) = postSolution
		SolutionGuid = {5113B983-550B-412B-8A17-80F75B844D82}
	EndGlobalSection
EndGlobal
