
Microsoft Visual Studio Solution File, Format Version 12.00
# Visual Studio 15
VisualStudioVersion = 15.0.26730.12
MinimumVisualStudioVersion = 10.0.40219.1
Project("{FAE04EC0-301F-11D3-BF4B-00C04F79EFBC}") = "CompareLength", "CompareLength\CompareLength.csproj", "{662690CF-92AB-45D7-A7DB-42CDC8105995}"
EndProject
Global
	GlobalSection(SolutionConfigurationPlatforms) = preSolution
		Debug|Any CPU = Debug|Any CPU
		Release|Any CPU = Release|Any CPU
	EndGlobalSection
	GlobalSection(ProjectConfigurationPlatforms) = postSolution
		{662690CF-92AB-45D7-A7DB-42CDC8105995}.Debug|Any CPU.ActiveCfg = Debug|Any CPU
		{662690CF-92AB-45D7-A7DB-42CDC8105995}.Debug|Any CPU.Build.0 = Debug|Any CPU
		{662690CF-92AB-45D7-A7DB-42CDC8105995}.Release|Any CPU.ActiveCfg = Release|Any CPU
		{662690CF-92AB-45D7-A7DB-42CDC8105995}.Release|Any CPU.Build.0 = Release|Any CPU
	EndGlobalSection
	GlobalSection(SolutionProperties) = preSolution
		HideSolutionNode = FALSE
	EndGlobalSection
	GlobalSection(ExtensibilityGlobals) = postSolution
		SolutionGuid = {277D876D-2B41-4F63-A2B8-79036E4FF9B6}
	EndGlobalSection
EndGlobal
