
Microsoft Visual Studio Solution File, Format Version 12.00
# Visual Studio 15
VisualStudioVersion = 15.0.26730.12
MinimumVisualStudioVersion = 10.0.40219.1
Project("{FAE04EC0-301F-11D3-BF4B-00C04F79EFBC}") = "SumList", "Sum\SumList.csproj", "{5FB86C6C-C37B-410F-BF42-120F0DFF5504}"
EndProject
Project("{FAE04EC0-301F-11D3-BF4B-00C04F79EFBC}") = "SumTest", "SumTest\SumTest.csproj", "{C844726A-42DD-4C74-91A4-26A7386FC38A}"
EndProject
Global
	GlobalSection(SolutionConfigurationPlatforms) = preSolution
		Debug|Any CPU = Debug|Any CPU
		Release|Any CPU = Release|Any CPU
	EndGlobalSection
	GlobalSection(ProjectConfigurationPlatforms) = postSolution
		{5FB86C6C-C37B-410F-BF42-120F0DFF5504}.Debug|Any CPU.ActiveCfg = Debug|Any CPU
		{5FB86C6C-C37B-410F-BF42-120F0DFF5504}.Debug|Any CPU.Build.0 = Debug|Any CPU
		{5FB86C6C-C37B-410F-BF42-120F0DFF5504}.Release|Any CPU.ActiveCfg = Release|Any CPU
		{5FB86C6C-C37B-410F-BF42-120F0DFF5504}.Release|Any CPU.Build.0 = Release|Any CPU
		{C844726A-42DD-4C74-91A4-26A7386FC38A}.Debug|Any CPU.ActiveCfg = Debug|Any CPU
		{C844726A-42DD-4C74-91A4-26A7386FC38A}.Debug|Any CPU.Build.0 = Debug|Any CPU
		{C844726A-42DD-4C74-91A4-26A7386FC38A}.Release|Any CPU.ActiveCfg = Release|Any CPU
		{C844726A-42DD-4C74-91A4-26A7386FC38A}.Release|Any CPU.Build.0 = Release|Any CPU
	EndGlobalSection
	GlobalSection(SolutionProperties) = preSolution
		HideSolutionNode = FALSE
	EndGlobalSection
	GlobalSection(ExtensibilityGlobals) = postSolution
		SolutionGuid = {BD0F0D78-76B3-4D0D-879A-1039A69A9475}
	EndGlobalSection
EndGlobal
