
Microsoft Visual Studio Solution File, Format Version 12.00
# Visual Studio 15
VisualStudioVersion = 15.0.26730.12
MinimumVisualStudioVersion = 10.0.40219.1
Project("{FAE04EC0-301F-11D3-BF4B-00C04F79EFBC}") = "Ex-11", "Ex-11\Ex-11.csproj", "{B9A1D96B-6135-40DF-AFB0-46CE37194814}"
EndProject
Global
	GlobalSection(SolutionConfigurationPlatforms) = preSolution
		Debug|Any CPU = Debug|Any CPU
		Release|Any CPU = Release|Any CPU
	EndGlobalSection
	GlobalSection(ProjectConfigurationPlatforms) = postSolution
		{B9A1D96B-6135-40DF-AFB0-46CE37194814}.Debug|Any CPU.ActiveCfg = Debug|Any CPU
		{B9A1D96B-6135-40DF-AFB0-46CE37194814}.Debug|Any CPU.Build.0 = Debug|Any CPU
		{B9A1D96B-6135-40DF-AFB0-46CE37194814}.Release|Any CPU.ActiveCfg = Release|Any CPU
		{B9A1D96B-6135-40DF-AFB0-46CE37194814}.Release|Any CPU.Build.0 = Release|Any CPU
	EndGlobalSection
	GlobalSection(SolutionProperties) = preSolution
		HideSolutionNode = FALSE
	EndGlobalSection
	GlobalSection(ExtensibilityGlobals) = postSolution
		SolutionGuid = {EAF14E68-7000-471D-B7E3-91F71C8649DC}
	EndGlobalSection
EndGlobal
