
Microsoft Visual Studio Solution File, Format Version 12.00
# Visual Studio 15
VisualStudioVersion = 15.0.26730.12
MinimumVisualStudioVersion = 10.0.40219.1
Project("{FAE04EC0-301F-11D3-BF4B-00C04F79EFBC}") = "Integers", "Integers\Integers.csproj", "{1B1573FB-3AF2-4987-953A-FC8C265723DC}"
EndProject
Global
	GlobalSection(SolutionConfigurationPlatforms) = preSolution
		Debug|Any CPU = Debug|Any CPU
		Release|Any CPU = Release|Any CPU
	EndGlobalSection
	GlobalSection(ProjectConfigurationPlatforms) = postSolution
		{1B1573FB-3AF2-4987-953A-FC8C265723DC}.Debug|Any CPU.ActiveCfg = Debug|Any CPU
		{1B1573FB-3AF2-4987-953A-FC8C265723DC}.Debug|Any CPU.Build.0 = Debug|Any CPU
		{1B1573FB-3AF2-4987-953A-FC8C265723DC}.Release|Any CPU.ActiveCfg = Release|Any CPU
		{1B1573FB-3AF2-4987-953A-FC8C265723DC}.Release|Any CPU.Build.0 = Release|Any CPU
	EndGlobalSection
	GlobalSection(SolutionProperties) = preSolution
		HideSolutionNode = FALSE
	EndGlobalSection
	GlobalSection(ExtensibilityGlobals) = postSolution
		SolutionGuid = {A4ED4477-DCAC-485B-B517-EDD43AB77CB0}
	EndGlobalSection
EndGlobal
