
Microsoft Visual Studio Solution File, Format Version 12.00
# Visual Studio 15
VisualStudioVersion = 15.0.26730.12
MinimumVisualStudioVersion = 10.0.40219.1
Project("{FAE04EC0-301F-11D3-BF4B-00C04F79EFBC}") = "DrawChessTable", "DrawChessTable\DrawChessTable.csproj", "{C7F501B9-D5BF-42A7-A517-BABA28AE616F}"
EndProject
Global
	GlobalSection(SolutionConfigurationPlatforms) = preSolution
		Debug|Any CPU = Debug|Any CPU
		Release|Any CPU = Release|Any CPU
	EndGlobalSection
	GlobalSection(ProjectConfigurationPlatforms) = postSolution
		{C7F501B9-D5BF-42A7-A517-BABA28AE616F}.Debug|Any CPU.ActiveCfg = Debug|Any CPU
		{C7F501B9-D5BF-42A7-A517-BABA28AE616F}.Debug|Any CPU.Build.0 = Debug|Any CPU
		{C7F501B9-D5BF-42A7-A517-BABA28AE616F}.Release|Any CPU.ActiveCfg = Release|Any CPU
		{C7F501B9-D5BF-42A7-A517-BABA28AE616F}.Release|Any CPU.Build.0 = Release|Any CPU
	EndGlobalSection
	GlobalSection(SolutionProperties) = preSolution
		HideSolutionNode = FALSE
	EndGlobalSection
	GlobalSection(ExtensibilityGlobals) = postSolution
		SolutionGuid = {60A57257-1A53-4FBE-BA98-6F63C83F0449}
	EndGlobalSection
EndGlobal
