
Microsoft Visual Studio Solution File, Format Version 12.00
# Visual Studio 15
VisualStudioVersion = 15.0.26730.12
MinimumVisualStudioVersion = 10.0.40219.1
Project("{FAE04EC0-301F-11D3-BF4B-00C04F79EFBC}") = "Ex_05", "Ex_05\Ex_05.csproj", "{29FFAB71-7F17-4E2D-AE2C-5F22DE42C6AE}"
EndProject
Global
	GlobalSection(SolutionConfigurationPlatforms) = preSolution
		Debug|Any CPU = Debug|Any CPU
		Release|Any CPU = Release|Any CPU
	EndGlobalSection
	GlobalSection(ProjectConfigurationPlatforms) = postSolution
		{29FFAB71-7F17-4E2D-AE2C-5F22DE42C6AE}.Debug|Any CPU.ActiveCfg = Debug|Any CPU
		{29FFAB71-7F17-4E2D-AE2C-5F22DE42C6AE}.Debug|Any CPU.Build.0 = Debug|Any CPU
		{29FFAB71-7F17-4E2D-AE2C-5F22DE42C6AE}.Release|Any CPU.ActiveCfg = Release|Any CPU
		{29FFAB71-7F17-4E2D-AE2C-5F22DE42C6AE}.Release|Any CPU.Build.0 = Release|Any CPU
	EndGlobalSection
	GlobalSection(SolutionProperties) = preSolution
		HideSolutionNode = FALSE
	EndGlobalSection
	GlobalSection(ExtensibilityGlobals) = postSolution
		SolutionGuid = {BC1B8BB8-5366-404C-81D4-79F50731990F}
	EndGlobalSection
EndGlobal
