
Microsoft Visual Studio Solution File, Format Version 12.00
# Visual Studio 15
VisualStudioVersion = 15.0.26730.12
MinimumVisualStudioVersion = 10.0.40219.1
Project("{FAE04EC0-301F-11D3-BF4B-00C04F79EFBC}") = "AnagramMaker", "AnagramMaker\AnagramMaker.csproj", "{35EEAAFF-3535-4162-B642-6D0C871B62EB}"
EndProject
Project("{FAE04EC0-301F-11D3-BF4B-00C04F79EFBC}") = "AnagramMakerTest", "AnagramMakerTest\AnagramMakerTest.csproj", "{4D3B1F7B-35A0-4B30-98B2-03E7791074B2}"
EndProject
Global
	GlobalSection(SolutionConfigurationPlatforms) = preSolution
		Debug|Any CPU = Debug|Any CPU
		Release|Any CPU = Release|Any CPU
	EndGlobalSection
	GlobalSection(ProjectConfigurationPlatforms) = postSolution
		{35EEAAFF-3535-4162-B642-6D0C871B62EB}.Debug|Any CPU.ActiveCfg = Debug|Any CPU
		{35EEAAFF-3535-4162-B642-6D0C871B62EB}.Debug|Any CPU.Build.0 = Debug|Any CPU
		{35EEAAFF-3535-4162-B642-6D0C871B62EB}.Release|Any CPU.ActiveCfg = Release|Any CPU
		{35EEAAFF-3535-4162-B642-6D0C871B62EB}.Release|Any CPU.Build.0 = Release|Any CPU
		{4D3B1F7B-35A0-4B30-98B2-03E7791074B2}.Debug|Any CPU.ActiveCfg = Debug|Any CPU
		{4D3B1F7B-35A0-4B30-98B2-03E7791074B2}.Debug|Any CPU.Build.0 = Debug|Any CPU
		{4D3B1F7B-35A0-4B30-98B2-03E7791074B2}.Release|Any CPU.ActiveCfg = Release|Any CPU
		{4D3B1F7B-35A0-4B30-98B2-03E7791074B2}.Release|Any CPU.Build.0 = Release|Any CPU
	EndGlobalSection
	GlobalSection(SolutionProperties) = preSolution
		HideSolutionNode = FALSE
	EndGlobalSection
	GlobalSection(ExtensibilityGlobals) = postSolution
		SolutionGuid = {5D81E926-8DA2-4E33-BA5E-4454C2B4B3F7}
	EndGlobalSection
EndGlobal
