
Microsoft Visual Studio Solution File, Format Version 12.00
# Visual Studio 15
VisualStudioVersion = 15.0.26730.12
MinimumVisualStudioVersion = 10.0.40219.1
Project("{FAE04EC0-301F-11D3-BF4B-00C04F79EFBC}") = "AnagramMaker", "AnagramMaker\AnagramMaker.csproj", "{7BEB6E7E-F304-4CE1-8992-3C006EE79BB6}"
EndProject
Project("{FAE04EC0-301F-11D3-BF4B-00C04F79EFBC}") = "AnagramMakerTest", "AnagramMakerTest\AnagramMakerTest.csproj", "{C31FEABC-59EF-44FF-A1AE-FEC31F6BF7A7}"
EndProject
Global
	GlobalSection(SolutionConfigurationPlatforms) = preSolution
		Debug|Any CPU = Debug|Any CPU
		Release|Any CPU = Release|Any CPU
	EndGlobalSection
	GlobalSection(ProjectConfigurationPlatforms) = postSolution
		{7BEB6E7E-F304-4CE1-8992-3C006EE79BB6}.Debug|Any CPU.ActiveCfg = Debug|Any CPU
		{7BEB6E7E-F304-4CE1-8992-3C006EE79BB6}.Debug|Any CPU.Build.0 = Debug|Any CPU
		{7BEB6E7E-F304-4CE1-8992-3C006EE79BB6}.Release|Any CPU.ActiveCfg = Release|Any CPU
		{7BEB6E7E-F304-4CE1-8992-3C006EE79BB6}.Release|Any CPU.Build.0 = Release|Any CPU
		{C31FEABC-59EF-44FF-A1AE-FEC31F6BF7A7}.Debug|Any CPU.ActiveCfg = Debug|Any CPU
		{C31FEABC-59EF-44FF-A1AE-FEC31F6BF7A7}.Debug|Any CPU.Build.0 = Debug|Any CPU
		{C31FEABC-59EF-44FF-A1AE-FEC31F6BF7A7}.Release|Any CPU.ActiveCfg = Release|Any CPU
		{C31FEABC-59EF-44FF-A1AE-FEC31F6BF7A7}.Release|Any CPU.Build.0 = Release|Any CPU
	EndGlobalSection
	GlobalSection(SolutionProperties) = preSolution
		HideSolutionNode = FALSE
	EndGlobalSection
	GlobalSection(ExtensibilityGlobals) = postSolution
		SolutionGuid = {27238DD2-28F2-437E-9A78-0290F09AA560}
	EndGlobalSection
EndGlobal
