
Microsoft Visual Studio Solution File, Format Version 12.00
# Visual Studio 15
VisualStudioVersion = 15.0.26730.12
MinimumVisualStudioVersion = 10.0.40219.1
Project("{FAE04EC0-301F-11D3-BF4B-00C04F79EFBC}") = "greet", "greet\greet.csproj", "{BFDF2692-3FF7-4C49-A958-0202AC78FACF}"
EndProject
Global
	GlobalSection(SolutionConfigurationPlatforms) = preSolution
		Debug|Any CPU = Debug|Any CPU
		Release|Any CPU = Release|Any CPU
	EndGlobalSection
	GlobalSection(ProjectConfigurationPlatforms) = postSolution
		{BFDF2692-3FF7-4C49-A958-0202AC78FACF}.Debug|Any CPU.ActiveCfg = Debug|Any CPU
		{BFDF2692-3FF7-4C49-A958-0202AC78FACF}.Debug|Any CPU.Build.0 = Debug|Any CPU
		{BFDF2692-3FF7-4C49-A958-0202AC78FACF}.Release|Any CPU.ActiveCfg = Release|Any CPU
		{BFDF2692-3FF7-4C49-A958-0202AC78FACF}.Release|Any CPU.Build.0 = Release|Any CPU
	EndGlobalSection
	GlobalSection(SolutionProperties) = preSolution
		HideSolutionNode = FALSE
	EndGlobalSection
	GlobalSection(ExtensibilityGlobals) = postSolution
		SolutionGuid = {0EF474DA-3402-40D5-8657-E792994E9ED0}
	EndGlobalSection
EndGlobal
