
Microsoft Visual Studio Solution File, Format Version 12.00
# Visual Studio 15
VisualStudioVersion = 15.0.26730.12
MinimumVisualStudioVersion = 10.0.40219.1
Project("{FAE04EC0-301F-11D3-BF4B-00C04F79EFBC}") = "AnimalAgain", "AnimalAgain\AnimalAgain.csproj", "{2DAA76BA-FE8A-4403-A681-6F0F2EF0E3F0}"
EndProject
Global
	GlobalSection(SolutionConfigurationPlatforms) = preSolution
		Debug|Any CPU = Debug|Any CPU
		Release|Any CPU = Release|Any CPU
	EndGlobalSection
	GlobalSection(ProjectConfigurationPlatforms) = postSolution
		{2DAA76BA-FE8A-4403-A681-6F0F2EF0E3F0}.Debug|Any CPU.ActiveCfg = Debug|Any CPU
		{2DAA76BA-FE8A-4403-A681-6F0F2EF0E3F0}.Debug|Any CPU.Build.0 = Debug|Any CPU
		{2DAA76BA-FE8A-4403-A681-6F0F2EF0E3F0}.Release|Any CPU.ActiveCfg = Release|Any CPU
		{2DAA76BA-FE8A-4403-A681-6F0F2EF0E3F0}.Release|Any CPU.Build.0 = Release|Any CPU
	EndGlobalSection
	GlobalSection(SolutionProperties) = preSolution
		HideSolutionNode = FALSE
	EndGlobalSection
	GlobalSection(ExtensibilityGlobals) = postSolution
		SolutionGuid = {58C3C945-6FB7-48D4-B1C6-4CC5A0C97DD2}
	EndGlobalSection
EndGlobal
