
Microsoft Visual Studio Solution File, Format Version 12.00
# Visual Studio 15
VisualStudioVersion = 15.0.26730.12
MinimumVisualStudioVersion = 10.0.40219.1
Project("{FAE04EC0-301F-11D3-BF4B-00C04F79EFBC}") = "Ex-08-v2", "Ex-08-v2\Ex-08-v2.csproj", "{C98A36BA-C564-463B-9427-FACD1416600E}"
EndProject
Global
	GlobalSection(SolutionConfigurationPlatforms) = preSolution
		Debug|Any CPU = Debug|Any CPU
		Release|Any CPU = Release|Any CPU
	EndGlobalSection
	GlobalSection(ProjectConfigurationPlatforms) = postSolution
		{C98A36BA-C564-463B-9427-FACD1416600E}.Debug|Any CPU.ActiveCfg = Debug|Any CPU
		{C98A36BA-C564-463B-9427-FACD1416600E}.Debug|Any CPU.Build.0 = Debug|Any CPU
		{C98A36BA-C564-463B-9427-FACD1416600E}.Release|Any CPU.ActiveCfg = Release|Any CPU
		{C98A36BA-C564-463B-9427-FACD1416600E}.Release|Any CPU.Build.0 = Release|Any CPU
	EndGlobalSection
	GlobalSection(SolutionProperties) = preSolution
		HideSolutionNode = FALSE
	EndGlobalSection
	GlobalSection(ExtensibilityGlobals) = postSolution
		SolutionGuid = {1083A516-3511-4A3E-B9E9-B3AD4B3F8EB4}
	EndGlobalSection
EndGlobal
