
Microsoft Visual Studio Solution File, Format Version 12.00
# Visual Studio 15
VisualStudioVersion = 15.0.26730.12
MinimumVisualStudioVersion = 10.0.40219.1
Project("{FAE04EC0-301F-11D3-BF4B-00C04F79EFBC}") = "CountLines", "CountLines\CountLines.csproj", "{CBB871E6-FCBA-446A-9353-1D18E6D7CE94}"
EndProject
Global
	GlobalSection(SolutionConfigurationPlatforms) = preSolution
		Debug|Any CPU = Debug|Any CPU
		Release|Any CPU = Release|Any CPU
	EndGlobalSection
	GlobalSection(ProjectConfigurationPlatforms) = postSolution
		{CBB871E6-FCBA-446A-9353-1D18E6D7CE94}.Debug|Any CPU.ActiveCfg = Debug|Any CPU
		{CBB871E6-FCBA-446A-9353-1D18E6D7CE94}.Debug|Any CPU.Build.0 = Debug|Any CPU
		{CBB871E6-FCBA-446A-9353-1D18E6D7CE94}.Release|Any CPU.ActiveCfg = Release|Any CPU
		{CBB871E6-FCBA-446A-9353-1D18E6D7CE94}.Release|Any CPU.Build.0 = Release|Any CPU
	EndGlobalSection
	GlobalSection(SolutionProperties) = preSolution
		HideSolutionNode = FALSE
	EndGlobalSection
	GlobalSection(ExtensibilityGlobals) = postSolution
		SolutionGuid = {06D48F32-F4FC-4D10-B3DE-0627A5C274FA}
	EndGlobalSection
EndGlobal
