
Microsoft Visual Studio Solution File, Format Version 12.00
# Visual Studio 15
VisualStudioVersion = 15.0.26730.12
MinimumVisualStudioVersion = 10.0.40219.1
Project("{FAE04EC0-301F-11D3-BF4B-00C04F79EFBC}") = "WPFButtonControl", "WPFButtonControl\WPFButtonControl.csproj", "{562CBFB0-8FC2-4E9A-BEF0-BC852A1DD05E}"
EndProject
Global
	GlobalSection(SolutionConfigurationPlatforms) = preSolution
		Debug|Any CPU = Debug|Any CPU
		Release|Any CPU = Release|Any CPU
	EndGlobalSection
	GlobalSection(ProjectConfigurationPlatforms) = postSolution
		{562CBFB0-8FC2-4E9A-BEF0-BC852A1DD05E}.Debug|Any CPU.ActiveCfg = Debug|Any CPU
		{562CBFB0-8FC2-4E9A-BEF0-BC852A1DD05E}.Debug|Any CPU.Build.0 = Debug|Any CPU
		{562CBFB0-8FC2-4E9A-BEF0-BC852A1DD05E}.Release|Any CPU.ActiveCfg = Release|Any CPU
		{562CBFB0-8FC2-4E9A-BEF0-BC852A1DD05E}.Release|Any CPU.Build.0 = Release|Any CPU
	EndGlobalSection
	GlobalSection(SolutionProperties) = preSolution
		HideSolutionNode = FALSE
	EndGlobalSection
	GlobalSection(ExtensibilityGlobals) = postSolution
		SolutionGuid = {6833D34C-E1A8-4FBE-B8BE-6FA468A14015}
	EndGlobalSection
EndGlobal
