
Microsoft Visual Studio Solution File, Format Version 12.00
# Visual Studio 15
VisualStudioVersion = 15.0.26730.12
MinimumVisualStudioVersion = 10.0.40219.1
Project("{FAE04EC0-301F-11D3-BF4B-00C04F79EFBC}") = "Ex_09_LINQ", "Ex_09_LINQ\Ex_09_LINQ.csproj", "{2FAE0F5B-FDEB-4089-B581-B9DF7708142C}"
EndProject
Global
	GlobalSection(SolutionConfigurationPlatforms) = preSolution
		Debug|Any CPU = Debug|Any CPU
		Release|Any CPU = Release|Any CPU
	EndGlobalSection
	GlobalSection(ProjectConfigurationPlatforms) = postSolution
		{2FAE0F5B-FDEB-4089-B581-B9DF7708142C}.Debug|Any CPU.ActiveCfg = Debug|Any CPU
		{2FAE0F5B-FDEB-4089-B581-B9DF7708142C}.Debug|Any CPU.Build.0 = Debug|Any CPU
		{2FAE0F5B-FDEB-4089-B581-B9DF7708142C}.Release|Any CPU.ActiveCfg = Release|Any CPU
		{2FAE0F5B-FDEB-4089-B581-B9DF7708142C}.Release|Any CPU.Build.0 = Release|Any CPU
	EndGlobalSection
	GlobalSection(SolutionProperties) = preSolution
		HideSolutionNode = FALSE
	EndGlobalSection
	GlobalSection(ExtensibilityGlobals) = postSolution
		SolutionGuid = {4B760EBF-8576-4E90-B88F-9384D37F8E33}
	EndGlobalSection
EndGlobal
