
Microsoft Visual Studio Solution File, Format Version 12.00
# Visual Studio 15
VisualStudioVersion = 15.0.26730.12
MinimumVisualStudioVersion = 10.0.40219.1
Project("{FAE04EC0-301F-11D3-BF4B-00C04F79EFBC}") = "WPFCommandLine", "WPFCommandLine\WPFCommandLine.csproj", "{4CE54288-7C08-4C3D-B4A5-57EB309989FF}"
EndProject
Global
	GlobalSection(SolutionConfigurationPlatforms) = preSolution
		Debug|Any CPU = Debug|Any CPU
		Release|Any CPU = Release|Any CPU
	EndGlobalSection
	GlobalSection(ProjectConfigurationPlatforms) = postSolution
		{4CE54288-7C08-4C3D-B4A5-57EB309989FF}.Debug|Any CPU.ActiveCfg = Debug|Any CPU
		{4CE54288-7C08-4C3D-B4A5-57EB309989FF}.Debug|Any CPU.Build.0 = Debug|Any CPU
		{4CE54288-7C08-4C3D-B4A5-57EB309989FF}.Release|Any CPU.ActiveCfg = Release|Any CPU
		{4CE54288-7C08-4C3D-B4A5-57EB309989FF}.Release|Any CPU.Build.0 = Release|Any CPU
	EndGlobalSection
	GlobalSection(SolutionProperties) = preSolution
		HideSolutionNode = FALSE
	EndGlobalSection
	GlobalSection(ExtensibilityGlobals) = postSolution
		SolutionGuid = {3F7EF75E-217C-488E-94EE-591B95ED87FC}
	EndGlobalSection
EndGlobal
