
Microsoft Visual Studio Solution File, Format Version 12.00
# Visual Studio 15
VisualStudioVersion = 15.0.26730.12
MinimumVisualStudioVersion = 10.0.40219.1
Project("{FAE04EC0-301F-11D3-BF4B-00C04F79EFBC}") = "LeapYearOrNot", "LeapYearOrNot\LeapYearOrNot.csproj", "{45E15AEF-D2E2-47D2-9016-5125D2F59A18}"
EndProject
Global
	GlobalSection(SolutionConfigurationPlatforms) = preSolution
		Debug|Any CPU = Debug|Any CPU
		Release|Any CPU = Release|Any CPU
	EndGlobalSection
	GlobalSection(ProjectConfigurationPlatforms) = postSolution
		{45E15AEF-D2E2-47D2-9016-5125D2F59A18}.Debug|Any CPU.ActiveCfg = Debug|Any CPU
		{45E15AEF-D2E2-47D2-9016-5125D2F59A18}.Debug|Any CPU.Build.0 = Debug|Any CPU
		{45E15AEF-D2E2-47D2-9016-5125D2F59A18}.Release|Any CPU.ActiveCfg = Release|Any CPU
		{45E15AEF-D2E2-47D2-9016-5125D2F59A18}.Release|Any CPU.Build.0 = Release|Any CPU
	EndGlobalSection
	GlobalSection(SolutionProperties) = preSolution
		HideSolutionNode = FALSE
	EndGlobalSection
	GlobalSection(ExtensibilityGlobals) = postSolution
		SolutionGuid = {DFC4DE4A-0A1F-4FC9-B01E-427774DB9402}
	EndGlobalSection
EndGlobal
