
Microsoft Visual Studio Solution File, Format Version 12.00
# Visual Studio 15
VisualStudioVersion = 15.0.26730.12
MinimumVisualStudioVersion = 10.0.40219.1
Project("{FAE04EC0-301F-11D3-BF4B-00C04F79EFBC}") = "MvvMDemoApp", "MvvMDemoApp\MvvMDemoApp.csproj", "{6C367CD5-F06B-4ECD-9E0B-6D7DE0959915}"
EndProject
Global
	GlobalSection(SolutionConfigurationPlatforms) = preSolution
		Debug|Any CPU = Debug|Any CPU
		Release|Any CPU = Release|Any CPU
	EndGlobalSection
	GlobalSection(ProjectConfigurationPlatforms) = postSolution
		{6C367CD5-F06B-4ECD-9E0B-6D7DE0959915}.Debug|Any CPU.ActiveCfg = Debug|Any CPU
		{6C367CD5-F06B-4ECD-9E0B-6D7DE0959915}.Debug|Any CPU.Build.0 = Debug|Any CPU
		{6C367CD5-F06B-4ECD-9E0B-6D7DE0959915}.Release|Any CPU.ActiveCfg = Release|Any CPU
		{6C367CD5-F06B-4ECD-9E0B-6D7DE0959915}.Release|Any CPU.Build.0 = Release|Any CPU
	EndGlobalSection
	GlobalSection(SolutionProperties) = preSolution
		HideSolutionNode = FALSE
	EndGlobalSection
	GlobalSection(ExtensibilityGlobals) = postSolution
		SolutionGuid = {5AD76C99-647A-4F0C-8F05-8379F6B7A10C}
	EndGlobalSection
EndGlobal
