
Microsoft Visual Studio Solution File, Format Version 12.00
# Visual Studio 15
VisualStudioVersion = 15.0.26730.12
MinimumVisualStudioVersion = 10.0.40219.1
Project("{FAE04EC0-301F-11D3-BF4B-00C04F79EFBC}") = "Ex_01", "Ex_01\Ex_01.csproj", "{D08E4880-5E50-48FC-B34E-0B477A087CBD}"
EndProject
Global
	GlobalSection(SolutionConfigurationPlatforms) = preSolution
		Debug|Any CPU = Debug|Any CPU
		Release|Any CPU = Release|Any CPU
	EndGlobalSection
	GlobalSection(ProjectConfigurationPlatforms) = postSolution
		{D08E4880-5E50-48FC-B34E-0B477A087CBD}.Debug|Any CPU.ActiveCfg = Debug|Any CPU
		{D08E4880-5E50-48FC-B34E-0B477A087CBD}.Debug|Any CPU.Build.0 = Debug|Any CPU
		{D08E4880-5E50-48FC-B34E-0B477A087CBD}.Release|Any CPU.ActiveCfg = Release|Any CPU
		{D08E4880-5E50-48FC-B34E-0B477A087CBD}.Release|Any CPU.Build.0 = Release|Any CPU
	EndGlobalSection
	GlobalSection(SolutionProperties) = preSolution
		HideSolutionNode = FALSE
	EndGlobalSection
	GlobalSection(ExtensibilityGlobals) = postSolution
		SolutionGuid = {204DE965-D130-4AA1-A83A-9932310CA6AC}
	EndGlobalSection
EndGlobal
