
Microsoft Visual Studio Solution File, Format Version 12.00
# Visual Studio 15
VisualStudioVersion = 15.0.26730.12
MinimumVisualStudioVersion = 10.0.40219.1
Project("{FAE04EC0-301F-11D3-BF4B-00C04F79EFBC}") = "Animal_V2", "Animal_V2\Animal_V2.csproj", "{3E1F013D-E431-4FD1-BD2E-F8E778EFE11D}"
EndProject
Global
	GlobalSection(SolutionConfigurationPlatforms) = preSolution
		Debug|Any CPU = Debug|Any CPU
		Release|Any CPU = Release|Any CPU
	EndGlobalSection
	GlobalSection(ProjectConfigurationPlatforms) = postSolution
		{3E1F013D-E431-4FD1-BD2E-F8E778EFE11D}.Debug|Any CPU.ActiveCfg = Debug|Any CPU
		{3E1F013D-E431-4FD1-BD2E-F8E778EFE11D}.Debug|Any CPU.Build.0 = Debug|Any CPU
		{3E1F013D-E431-4FD1-BD2E-F8E778EFE11D}.Release|Any CPU.ActiveCfg = Release|Any CPU
		{3E1F013D-E431-4FD1-BD2E-F8E778EFE11D}.Release|Any CPU.Build.0 = Release|Any CPU
	EndGlobalSection
	GlobalSection(SolutionProperties) = preSolution
		HideSolutionNode = FALSE
	EndGlobalSection
	GlobalSection(ExtensibilityGlobals) = postSolution
		SolutionGuid = {61523D24-C04F-43BB-A3C8-84CEF6283F95}
	EndGlobalSection
EndGlobal
