
Microsoft Visual Studio Solution File, Format Version 12.00
# Visual Studio 15
VisualStudioVersion = 15.0.26730.12
MinimumVisualStudioVersion = 10.0.40219.1
Project("{FAE04EC0-301F-11D3-BF4B-00C04F79EFBC}") = "WPF_MVVM_Implementation", "WPF_MVVM_Implementation\WPF_MVVM_Implementation.csproj", "{DEBEE264-E254-469B-95C9-336D0842C43E}"
EndProject
Global
	GlobalSection(SolutionConfigurationPlatforms) = preSolution
		Debug|Any CPU = Debug|Any CPU
		Release|Any CPU = Release|Any CPU
	EndGlobalSection
	GlobalSection(ProjectConfigurationPlatforms) = postSolution
		{DEBEE264-E254-469B-95C9-336D0842C43E}.Debug|Any CPU.ActiveCfg = Debug|Any CPU
		{DEBEE264-E254-469B-95C9-336D0842C43E}.Debug|Any CPU.Build.0 = Debug|Any CPU
		{DEBEE264-E254-469B-95C9-336D0842C43E}.Release|Any CPU.ActiveCfg = Release|Any CPU
		{DEBEE264-E254-469B-95C9-336D0842C43E}.Release|Any CPU.Build.0 = Release|Any CPU
	EndGlobalSection
	GlobalSection(SolutionProperties) = preSolution
		HideSolutionNode = FALSE
	EndGlobalSection
	GlobalSection(ExtensibilityGlobals) = postSolution
		SolutionGuid = {C531E54D-5EA4-4C18-A28C-C150320AFC2C}
	EndGlobalSection
EndGlobal
