
Microsoft Visual Studio Solution File, Format Version 12.00
# Visual Studio 15
VisualStudioVersion = 15.0.26730.12
MinimumVisualStudioVersion = 10.0.40219.1
Project("{FAE04EC0-301F-11D3-BF4B-00C04F79EFBC}") = "Functions", "Functions\Functions.csproj", "{791B26BC-482A-4FBC-8796-4F47BC0D56D5}"
EndProject
Global
	GlobalSection(SolutionConfigurationPlatforms) = preSolution
		Debug|Any CPU = Debug|Any CPU
		Release|Any CPU = Release|Any CPU
	EndGlobalSection
	GlobalSection(ProjectConfigurationPlatforms) = postSolution
		{791B26BC-482A-4FBC-8796-4F47BC0D56D5}.Debug|Any CPU.ActiveCfg = Debug|Any CPU
		{791B26BC-482A-4FBC-8796-4F47BC0D56D5}.Debug|Any CPU.Build.0 = Debug|Any CPU
		{791B26BC-482A-4FBC-8796-4F47BC0D56D5}.Release|Any CPU.ActiveCfg = Release|Any CPU
		{791B26BC-482A-4FBC-8796-4F47BC0D56D5}.Release|Any CPU.Build.0 = Release|Any CPU
	EndGlobalSection
	GlobalSection(SolutionProperties) = preSolution
		HideSolutionNode = FALSE
	EndGlobalSection
	GlobalSection(ExtensibilityGlobals) = postSolution
		SolutionGuid = {D4BD5865-F374-46C3-A8C8-408A9E4D8754}
	EndGlobalSection
EndGlobal
