
Microsoft Visual Studio Solution File, Format Version 12.00
# Visual Studio 15
VisualStudioVersion = 15.0.26730.12
MinimumVisualStudioVersion = 10.0.40219.1
Project("{FAE04EC0-301F-11D3-BF4B-00C04F79EFBC}") = "Ex-17", "Ex-17\Ex-17.csproj", "{FABE8118-1627-4FC9-B8E3-D7A96B5EA3D2}"
EndProject
Global
	GlobalSection(SolutionConfigurationPlatforms) = preSolution
		Debug|Any CPU = Debug|Any CPU
		Release|Any CPU = Release|Any CPU
	EndGlobalSection
	GlobalSection(ProjectConfigurationPlatforms) = postSolution
		{FABE8118-1627-4FC9-B8E3-D7A96B5EA3D2}.Debug|Any CPU.ActiveCfg = Debug|Any CPU
		{FABE8118-1627-4FC9-B8E3-D7A96B5EA3D2}.Debug|Any CPU.Build.0 = Debug|Any CPU
		{FABE8118-1627-4FC9-B8E3-D7A96B5EA3D2}.Release|Any CPU.ActiveCfg = Release|Any CPU
		{FABE8118-1627-4FC9-B8E3-D7A96B5EA3D2}.Release|Any CPU.Build.0 = Release|Any CPU
	EndGlobalSection
	GlobalSection(SolutionProperties) = preSolution
		HideSolutionNode = FALSE
	EndGlobalSection
	GlobalSection(ExtensibilityGlobals) = postSolution
		SolutionGuid = {69AF3CC8-B6B2-4930-B9C1-F1CD4A9AF455}
	EndGlobalSection
EndGlobal
