
Microsoft Visual Studio Solution File, Format Version 12.00
# Visual Studio 15
VisualStudioVersion = 15.0.26730.12
MinimumVisualStudioVersion = 10.0.40219.1
Project("{FAE04EC0-301F-11D3-BF4B-00C04F79EFBC}") = "Cuboid", "Cuboid\Cuboid.csproj", "{BFADA2AF-0896-4F98-9DDF-9869784FD945}"
EndProject
Global
	GlobalSection(SolutionConfigurationPlatforms) = preSolution
		Debug|Any CPU = Debug|Any CPU
		Release|Any CPU = Release|Any CPU
	EndGlobalSection
	GlobalSection(ProjectConfigurationPlatforms) = postSolution
		{BFADA2AF-0896-4F98-9DDF-9869784FD945}.Debug|Any CPU.ActiveCfg = Debug|Any CPU
		{BFADA2AF-0896-4F98-9DDF-9869784FD945}.Debug|Any CPU.Build.0 = Debug|Any CPU
		{BFADA2AF-0896-4F98-9DDF-9869784FD945}.Release|Any CPU.ActiveCfg = Release|Any CPU
		{BFADA2AF-0896-4F98-9DDF-9869784FD945}.Release|Any CPU.Build.0 = Release|Any CPU
	EndGlobalSection
	GlobalSection(SolutionProperties) = preSolution
		HideSolutionNode = FALSE
	EndGlobalSection
	GlobalSection(ExtensibilityGlobals) = postSolution
		SolutionGuid = {E1DC6BF7-16E4-4CBB-B0D5-2474076B9A85}
	EndGlobalSection
EndGlobal
