
Microsoft Visual Studio Solution File, Format Version 12.00
# Visual Studio 15
VisualStudioVersion = 15.0.26730.12
MinimumVisualStudioVersion = 10.0.40219.1
Project("{FAE04EC0-301F-11D3-BF4B-00C04F79EFBC}") = "LINQ_09", "LINQ_09\LINQ_09.csproj", "{DF781221-7A3E-4D16-A479-06F7AEDE4FFD}"
EndProject
Global
	GlobalSection(SolutionConfigurationPlatforms) = preSolution
		Debug|Any CPU = Debug|Any CPU
		Release|Any CPU = Release|Any CPU
	EndGlobalSection
	GlobalSection(ProjectConfigurationPlatforms) = postSolution
		{DF781221-7A3E-4D16-A479-06F7AEDE4FFD}.Debug|Any CPU.ActiveCfg = Debug|Any CPU
		{DF781221-7A3E-4D16-A479-06F7AEDE4FFD}.Debug|Any CPU.Build.0 = Debug|Any CPU
		{DF781221-7A3E-4D16-A479-06F7AEDE4FFD}.Release|Any CPU.ActiveCfg = Release|Any CPU
		{DF781221-7A3E-4D16-A479-06F7AEDE4FFD}.Release|Any CPU.Build.0 = Release|Any CPU
	EndGlobalSection
	GlobalSection(SolutionProperties) = preSolution
		HideSolutionNode = FALSE
	EndGlobalSection
	GlobalSection(ExtensibilityGlobals) = postSolution
		SolutionGuid = {83FC5F79-F9F9-4009-B3EF-E60AD2A77A5E}
	EndGlobalSection
EndGlobal
