
Microsoft Visual Studio Solution File, Format Version 12.00
# Visual Studio 15
VisualStudioVersion = 15.0.26730.12
MinimumVisualStudioVersion = 10.0.40219.1
Project("{FAE04EC0-301F-11D3-BF4B-00C04F79EFBC}") = "Ex-03-Strings-TakesLonger", "Ex-03-Strings-TakesLonger\Ex-03-Strings-TakesLonger.csproj", "{E01A0427-CD3D-4B2A-AAAD-7D3AC8E6AD25}"
EndProject
Global
	GlobalSection(SolutionConfigurationPlatforms) = preSolution
		Debug|Any CPU = Debug|Any CPU
		Release|Any CPU = Release|Any CPU
	EndGlobalSection
	GlobalSection(ProjectConfigurationPlatforms) = postSolution
		{E01A0427-CD3D-4B2A-AAAD-7D3AC8E6AD25}.Debug|Any CPU.ActiveCfg = Debug|Any CPU
		{E01A0427-CD3D-4B2A-AAAD-7D3AC8E6AD25}.Debug|Any CPU.Build.0 = Debug|Any CPU
		{E01A0427-CD3D-4B2A-AAAD-7D3AC8E6AD25}.Release|Any CPU.ActiveCfg = Release|Any CPU
		{E01A0427-CD3D-4B2A-AAAD-7D3AC8E6AD25}.Release|Any CPU.Build.0 = Release|Any CPU
	EndGlobalSection
	GlobalSection(SolutionProperties) = preSolution
		HideSolutionNode = FALSE
	EndGlobalSection
	GlobalSection(ExtensibilityGlobals) = postSolution
		SolutionGuid = {DEA5A41A-B494-4B5F-973F-0A53858C2D90}
	EndGlobalSection
EndGlobal
