
Microsoft Visual Studio Solution File, Format Version 12.00
# Visual Studio 15
VisualStudioVersion = 15.0.26730.12
MinimumVisualStudioVersion = 10.0.40219.1
Project("{FAE04EC0-301F-11D3-BF4B-00C04F79EFBC}") = "OddEven", "OddEven\OddEven.csproj", "{F64A95A4-0AD7-4F85-8DA7-1A745AE802E2}"
EndProject
Global
	GlobalSection(SolutionConfigurationPlatforms) = preSolution
		Debug|Any CPU = Debug|Any CPU
		Release|Any CPU = Release|Any CPU
	EndGlobalSection
	GlobalSection(ProjectConfigurationPlatforms) = postSolution
		{F64A95A4-0AD7-4F85-8DA7-1A745AE802E2}.Debug|Any CPU.ActiveCfg = Debug|Any CPU
		{F64A95A4-0AD7-4F85-8DA7-1A745AE802E2}.Debug|Any CPU.Build.0 = Debug|Any CPU
		{F64A95A4-0AD7-4F85-8DA7-1A745AE802E2}.Release|Any CPU.ActiveCfg = Release|Any CPU
		{F64A95A4-0AD7-4F85-8DA7-1A745AE802E2}.Release|Any CPU.Build.0 = Release|Any CPU
	EndGlobalSection
	GlobalSection(SolutionProperties) = preSolution
		HideSolutionNode = FALSE
	EndGlobalSection
	GlobalSection(ExtensibilityGlobals) = postSolution
		SolutionGuid = {79D85EED-9AF4-41F3-8741-8F03D2622044}
	EndGlobalSection
EndGlobal
