
Microsoft Visual Studio Solution File, Format Version 12.00
# Visual Studio 15
VisualStudioVersion = 15.0.26730.12
MinimumVisualStudioVersion = 10.0.40219.1
Project("{FAE04EC0-301F-11D3-BF4B-00C04F79EFBC}") = "FavoriteNumbers", "FavoriteNumbers\FavoriteNumbers.csproj", "{372FD841-BE24-46FD-8806-72BDA131D86A}"
EndProject
Global
	GlobalSection(SolutionConfigurationPlatforms) = preSolution
		Debug|Any CPU = Debug|Any CPU
		Release|Any CPU = Release|Any CPU
	EndGlobalSection
	GlobalSection(ProjectConfigurationPlatforms) = postSolution
		{372FD841-BE24-46FD-8806-72BDA131D86A}.Debug|Any CPU.ActiveCfg = Debug|Any CPU
		{372FD841-BE24-46FD-8806-72BDA131D86A}.Debug|Any CPU.Build.0 = Debug|Any CPU
		{372FD841-BE24-46FD-8806-72BDA131D86A}.Release|Any CPU.ActiveCfg = Release|Any CPU
		{372FD841-BE24-46FD-8806-72BDA131D86A}.Release|Any CPU.Build.0 = Release|Any CPU
	EndGlobalSection
	GlobalSection(SolutionProperties) = preSolution
		HideSolutionNode = FALSE
	EndGlobalSection
	GlobalSection(ExtensibilityGlobals) = postSolution
		SolutionGuid = {173CD7A8-321E-4BFA-8ED8-135ED8DC69CD}
	EndGlobalSection
EndGlobal
