
Microsoft Visual Studio Solution File, Format Version 12.00
# Visual Studio 15
VisualStudioVersion = 15.0.26730.12
MinimumVisualStudioVersion = 10.0.40219.1
Project("{FAE04EC0-301F-11D3-BF4B-00C04F79EFBC}") = "LINQ_07", "LINQ_07\LINQ_07.csproj", "{918D7109-21F4-46AB-814F-EC5BD08A2377}"
EndProject
Global
	GlobalSection(SolutionConfigurationPlatforms) = preSolution
		Debug|Any CPU = Debug|Any CPU
		Release|Any CPU = Release|Any CPU
	EndGlobalSection
	GlobalSection(ProjectConfigurationPlatforms) = postSolution
		{918D7109-21F4-46AB-814F-EC5BD08A2377}.Debug|Any CPU.ActiveCfg = Debug|Any CPU
		{918D7109-21F4-46AB-814F-EC5BD08A2377}.Debug|Any CPU.Build.0 = Debug|Any CPU
		{918D7109-21F4-46AB-814F-EC5BD08A2377}.Release|Any CPU.ActiveCfg = Release|Any CPU
		{918D7109-21F4-46AB-814F-EC5BD08A2377}.Release|Any CPU.Build.0 = Release|Any CPU
	EndGlobalSection
	GlobalSection(SolutionProperties) = preSolution
		HideSolutionNode = FALSE
	EndGlobalSection
	GlobalSection(ExtensibilityGlobals) = postSolution
		SolutionGuid = {3C7C8033-7D76-4FE1-81B6-9F7B6F1ADC04}
	EndGlobalSection
EndGlobal
