
Microsoft Visual Studio Solution File, Format Version 12.00
# Visual Studio 15
VisualStudioVersion = 15.0.26730.12
MinimumVisualStudioVersion = 10.0.40219.1
Project("{FAE04EC0-301F-11D3-BF4B-00C04F79EFBC}") = "PositiveOrnegative", "PositiveOrnegative\PositiveOrnegative.csproj", "{49CAE7EA-62F5-42EB-8372-595CC31AF09E}"
EndProject
Global
	GlobalSection(SolutionConfigurationPlatforms) = preSolution
		Debug|Any CPU = Debug|Any CPU
		Release|Any CPU = Release|Any CPU
	EndGlobalSection
	GlobalSection(ProjectConfigurationPlatforms) = postSolution
		{49CAE7EA-62F5-42EB-8372-595CC31AF09E}.Debug|Any CPU.ActiveCfg = Debug|Any CPU
		{49CAE7EA-62F5-42EB-8372-595CC31AF09E}.Debug|Any CPU.Build.0 = Debug|Any CPU
		{49CAE7EA-62F5-42EB-8372-595CC31AF09E}.Release|Any CPU.ActiveCfg = Release|Any CPU
		{49CAE7EA-62F5-42EB-8372-595CC31AF09E}.Release|Any CPU.Build.0 = Release|Any CPU
	EndGlobalSection
	GlobalSection(SolutionProperties) = preSolution
		HideSolutionNode = FALSE
	EndGlobalSection
	GlobalSection(ExtensibilityGlobals) = postSolution
		SolutionGuid = {008F1592-D001-4C7D-9ED2-08BDE547480A}
	EndGlobalSection
EndGlobal
