
Microsoft Visual Studio Solution File, Format Version 12.00
# Visual Studio 15
VisualStudioVersion = 15.0.26730.12
MinimumVisualStudioVersion = 10.0.40219.1
Project("{FAE04EC0-301F-11D3-BF4B-00C04F79EFBC}") = "RainbowBoxFuncions", "RainbowBoxFuncions\RainbowBoxFuncions.csproj", "{DC5350C2-54DE-4123-9B74-B38485163406}"
EndProject
Global
	GlobalSection(SolutionConfigurationPlatforms) = preSolution
		Debug|Any CPU = Debug|Any CPU
		Release|Any CPU = Release|Any CPU
	EndGlobalSection
	GlobalSection(ProjectConfigurationPlatforms) = postSolution
		{DC5350C2-54DE-4123-9B74-B38485163406}.Debug|Any CPU.ActiveCfg = Debug|Any CPU
		{DC5350C2-54DE-4123-9B74-B38485163406}.Debug|Any CPU.Build.0 = Debug|Any CPU
		{DC5350C2-54DE-4123-9B74-B38485163406}.Release|Any CPU.ActiveCfg = Release|Any CPU
		{DC5350C2-54DE-4123-9B74-B38485163406}.Release|Any CPU.Build.0 = Release|Any CPU
	EndGlobalSection
	GlobalSection(SolutionProperties) = preSolution
		HideSolutionNode = FALSE
	EndGlobalSection
	GlobalSection(ExtensibilityGlobals) = postSolution
		SolutionGuid = {06B4D5AD-3FD8-42F2-A842-DAD861ECE8E5}
	EndGlobalSection
EndGlobal
