
Microsoft Visual Studio Solution File, Format Version 12.00
# Visual Studio 15
VisualStudioVersion = 15.0.26730.12
MinimumVisualStudioVersion = 10.0.40219.1
Project("{FAE04EC0-301F-11D3-BF4B-00C04F79EFBC}") = "HelloOthers", "HelloOthers\HelloOthers.csproj", "{4143B752-7998-4A24-BC27-7231CEB72FAA}"
EndProject
Global
	GlobalSection(SolutionConfigurationPlatforms) = preSolution
		Debug|Any CPU = Debug|Any CPU
		Release|Any CPU = Release|Any CPU
	EndGlobalSection
	GlobalSection(ProjectConfigurationPlatforms) = postSolution
		{4143B752-7998-4A24-BC27-7231CEB72FAA}.Debug|Any CPU.ActiveCfg = Debug|Any CPU
		{4143B752-7998-4A24-BC27-7231CEB72FAA}.Debug|Any CPU.Build.0 = Debug|Any CPU
		{4143B752-7998-4A24-BC27-7231CEB72FAA}.Release|Any CPU.ActiveCfg = Release|Any CPU
		{4143B752-7998-4A24-BC27-7231CEB72FAA}.Release|Any CPU.Build.0 = Release|Any CPU
	EndGlobalSection
	GlobalSection(SolutionProperties) = preSolution
		HideSolutionNode = FALSE
	EndGlobalSection
	GlobalSection(ExtensibilityGlobals) = postSolution
		SolutionGuid = {A771E65C-4B0D-46D0-B991-A03DDC47B8A6}
	EndGlobalSection
EndGlobal
