
Microsoft Visual Studio Solution File, Format Version 12.00
# Visual Studio 15
VisualStudioVersion = 15.0.26730.12
MinimumVisualStudioVersion = 10.0.40219.1
Project("{FAE04EC0-301F-11D3-BF4B-00C04F79EFBC}") = "PrintEachLine_Again", "PrintEachLine_Again\PrintEachLine_Again.csproj", "{A32E1E5F-A241-4C45-A001-2482D4BF78A5}"
EndProject
Global
	GlobalSection(SolutionConfigurationPlatforms) = preSolution
		Debug|Any CPU = Debug|Any CPU
		Release|Any CPU = Release|Any CPU
	EndGlobalSection
	GlobalSection(ProjectConfigurationPlatforms) = postSolution
		{A32E1E5F-A241-4C45-A001-2482D4BF78A5}.Debug|Any CPU.ActiveCfg = Debug|Any CPU
		{A32E1E5F-A241-4C45-A001-2482D4BF78A5}.Debug|Any CPU.Build.0 = Debug|Any CPU
		{A32E1E5F-A241-4C45-A001-2482D4BF78A5}.Release|Any CPU.ActiveCfg = Release|Any CPU
		{A32E1E5F-A241-4C45-A001-2482D4BF78A5}.Release|Any CPU.Build.0 = Release|Any CPU
	EndGlobalSection
	GlobalSection(SolutionProperties) = preSolution
		HideSolutionNode = FALSE
	EndGlobalSection
	GlobalSection(ExtensibilityGlobals) = postSolution
		SolutionGuid = {205806EC-6B79-4206-A797-8F31EF33B6A6}
	EndGlobalSection
EndGlobal
