
Microsoft Visual Studio Solution File, Format Version 12.00
# Visual Studio 15
VisualStudioVersion = 15.0.26730.12
MinimumVisualStudioVersion = 10.0.40219.1
Project("{FAE04EC0-301F-11D3-BF4B-00C04F79EFBC}") = "HeWillNever", "HeWillNever\HeWillNever.csproj", "{EC7C67FE-573C-4637-B609-0EF74C937F92}"
EndProject
Global
	GlobalSection(SolutionConfigurationPlatforms) = preSolution
		Debug|Any CPU = Debug|Any CPU
		Release|Any CPU = Release|Any CPU
	EndGlobalSection
	GlobalSection(ProjectConfigurationPlatforms) = postSolution
		{EC7C67FE-573C-4637-B609-0EF74C937F92}.Debug|Any CPU.ActiveCfg = Debug|Any CPU
		{EC7C67FE-573C-4637-B609-0EF74C937F92}.Debug|Any CPU.Build.0 = Debug|Any CPU
		{EC7C67FE-573C-4637-B609-0EF74C937F92}.Release|Any CPU.ActiveCfg = Release|Any CPU
		{EC7C67FE-573C-4637-B609-0EF74C937F92}.Release|Any CPU.Build.0 = Release|Any CPU
	EndGlobalSection
	GlobalSection(SolutionProperties) = preSolution
		HideSolutionNode = FALSE
	EndGlobalSection
	GlobalSection(ExtensibilityGlobals) = postSolution
		SolutionGuid = {A7B61C62-7191-484C-9535-80FAD505EFAE}
	EndGlobalSection
EndGlobal
