
Microsoft Visual Studio Solution File, Format Version 12.00
# Visual Studio 15
VisualStudioVersion = 15.0.26730.12
MinimumVisualStudioVersion = 10.0.40219.1
Project("{FAE04EC0-301F-11D3-BF4B-00C04F79EFBC}") = "PalindromeBuilder", "PalindromeBuilder\PalindromeBuilder.csproj", "{E27905B4-D65D-493C-86E9-F164B7448DAD}"
EndProject
Global
	GlobalSection(SolutionConfigurationPlatforms) = preSolution
		Debug|Any CPU = Debug|Any CPU
		Release|Any CPU = Release|Any CPU
	EndGlobalSection
	GlobalSection(ProjectConfigurationPlatforms) = postSolution
		{E27905B4-D65D-493C-86E9-F164B7448DAD}.Debug|Any CPU.ActiveCfg = Debug|Any CPU
		{E27905B4-D65D-493C-86E9-F164B7448DAD}.Debug|Any CPU.Build.0 = Debug|Any CPU
		{E27905B4-D65D-493C-86E9-F164B7448DAD}.Release|Any CPU.ActiveCfg = Release|Any CPU
		{E27905B4-D65D-493C-86E9-F164B7448DAD}.Release|Any CPU.Build.0 = Release|Any CPU
	EndGlobalSection
	GlobalSection(SolutionProperties) = preSolution
		HideSolutionNode = FALSE
	EndGlobalSection
	GlobalSection(ExtensibilityGlobals) = postSolution
		SolutionGuid = {14583C9B-D71A-4B1D-A2DE-96AA03E87192}
	EndGlobalSection
EndGlobal
