
Microsoft Visual Studio Solution File, Format Version 12.00
# Visual Studio 15
VisualStudioVersion = 15.0.26730.12
MinimumVisualStudioVersion = 10.0.40219.1
Project("{FAE04EC0-301F-11D3-BF4B-00C04F79EFBC}") = "Polygons_Example", "Polygons_Example\Polygons_Example.csproj", "{3635EE27-A18D-4034-8542-43B49DFF83AE}"
EndProject
Global
	GlobalSection(SolutionConfigurationPlatforms) = preSolution
		Debug|Any CPU = Debug|Any CPU
		Release|Any CPU = Release|Any CPU
	EndGlobalSection
	GlobalSection(ProjectConfigurationPlatforms) = postSolution
		{3635EE27-A18D-4034-8542-43B49DFF83AE}.Debug|Any CPU.ActiveCfg = Debug|Any CPU
		{3635EE27-A18D-4034-8542-43B49DFF83AE}.Debug|Any CPU.Build.0 = Debug|Any CPU
		{3635EE27-A18D-4034-8542-43B49DFF83AE}.Release|Any CPU.ActiveCfg = Release|Any CPU
		{3635EE27-A18D-4034-8542-43B49DFF83AE}.Release|Any CPU.Build.0 = Release|Any CPU
	EndGlobalSection
	GlobalSection(SolutionProperties) = preSolution
		HideSolutionNode = FALSE
	EndGlobalSection
	GlobalSection(ExtensibilityGlobals) = postSolution
		SolutionGuid = {85E35E77-BB2E-4B63-884E-97AA1063A946}
	EndGlobalSection
EndGlobal
