
Microsoft Visual Studio Solution File, Format Version 12.00
# Visual Studio 15
VisualStudioVersion = 15.0.26730.12
MinimumVisualStudioVersion = 10.0.40219.1
Project("{FAE04EC0-301F-11D3-BF4B-00C04F79EFBC}") = "LINQ_06", "LINQ_06\LINQ_06.csproj", "{48D7CDC1-58CD-4E66-B313-FB8555D24527}"
EndProject
Global
	GlobalSection(SolutionConfigurationPlatforms) = preSolution
		Debug|Any CPU = Debug|Any CPU
		Release|Any CPU = Release|Any CPU
	EndGlobalSection
	GlobalSection(ProjectConfigurationPlatforms) = postSolution
		{48D7CDC1-58CD-4E66-B313-FB8555D24527}.Debug|Any CPU.ActiveCfg = Debug|Any CPU
		{48D7CDC1-58CD-4E66-B313-FB8555D24527}.Debug|Any CPU.Build.0 = Debug|Any CPU
		{48D7CDC1-58CD-4E66-B313-FB8555D24527}.Release|Any CPU.ActiveCfg = Release|Any CPU
		{48D7CDC1-58CD-4E66-B313-FB8555D24527}.Release|Any CPU.Build.0 = Release|Any CPU
	EndGlobalSection
	GlobalSection(SolutionProperties) = preSolution
		HideSolutionNode = FALSE
	EndGlobalSection
	GlobalSection(ExtensibilityGlobals) = postSolution
		SolutionGuid = {67FA6940-9BA8-4FC5-B0FD-910274AF9813}
	EndGlobalSection
EndGlobal
