
Microsoft Visual Studio Solution File, Format Version 12.00
# Visual Studio 15
VisualStudioVersion = 15.0.26730.12
MinimumVisualStudioVersion = 10.0.40219.1
Project("{FAE04EC0-301F-11D3-BF4B-00C04F79EFBC}") = "Substrlist", "Substrlist\Substrlist.csproj", "{7CFBBD7C-E4FA-4729-BF5B-5E523348E2DF}"
EndProject
Global
	GlobalSection(SolutionConfigurationPlatforms) = preSolution
		Debug|Any CPU = Debug|Any CPU
		Release|Any CPU = Release|Any CPU
	EndGlobalSection
	GlobalSection(ProjectConfigurationPlatforms) = postSolution
		{7CFBBD7C-E4FA-4729-BF5B-5E523348E2DF}.Debug|Any CPU.ActiveCfg = Debug|Any CPU
		{7CFBBD7C-E4FA-4729-BF5B-5E523348E2DF}.Debug|Any CPU.Build.0 = Debug|Any CPU
		{7CFBBD7C-E4FA-4729-BF5B-5E523348E2DF}.Release|Any CPU.ActiveCfg = Release|Any CPU
		{7CFBBD7C-E4FA-4729-BF5B-5E523348E2DF}.Release|Any CPU.Build.0 = Release|Any CPU
	EndGlobalSection
	GlobalSection(SolutionProperties) = preSolution
		HideSolutionNode = FALSE
	EndGlobalSection
	GlobalSection(ExtensibilityGlobals) = postSolution
		SolutionGuid = {76B8FA9B-828E-43D2-81C2-83916A380E29}
	EndGlobalSection
EndGlobal
