
Microsoft Visual Studio Solution File, Format Version 12.00
# Visual Studio 15
VisualStudioVersion = 15.0.26730.12
MinimumVisualStudioVersion = 10.0.40219.1
Project("{FAE04EC0-301F-11D3-BF4B-00C04F79EFBC}") = "MultiplicationTable", "MultiplicationTable\MultiplicationTable.csproj", "{55B9FE96-E6E6-4EAD-A91B-F8A961D13BA6}"
EndProject
Global
	GlobalSection(SolutionConfigurationPlatforms) = preSolution
		Debug|Any CPU = Debug|Any CPU
		Release|Any CPU = Release|Any CPU
	EndGlobalSection
	GlobalSection(ProjectConfigurationPlatforms) = postSolution
		{55B9FE96-E6E6-4EAD-A91B-F8A961D13BA6}.Debug|Any CPU.ActiveCfg = Debug|Any CPU
		{55B9FE96-E6E6-4EAD-A91B-F8A961D13BA6}.Debug|Any CPU.Build.0 = Debug|Any CPU
		{55B9FE96-E6E6-4EAD-A91B-F8A961D13BA6}.Release|Any CPU.ActiveCfg = Release|Any CPU
		{55B9FE96-E6E6-4EAD-A91B-F8A961D13BA6}.Release|Any CPU.Build.0 = Release|Any CPU
	EndGlobalSection
	GlobalSection(SolutionProperties) = preSolution
		HideSolutionNode = FALSE
	EndGlobalSection
	GlobalSection(ExtensibilityGlobals) = postSolution
		SolutionGuid = {1CFF3BE8-BBA5-4875-994D-AE7BF3D4ED53}
	EndGlobalSection
EndGlobal
