
Microsoft Visual Studio Solution File, Format Version 12.00
# Visual Studio 15
VisualStudioVersion = 15.0.26730.12
MinimumVisualStudioVersion = 10.0.40219.1
Project("{FAE04EC0-301F-11D3-BF4B-00C04F79EFBC}") = "UserInputScanner", "UserInputScanner\UserInputScanner.csproj", "{1056C579-9F83-419F-ACAC-06E652C32B13}"
EndProject
Global
	GlobalSection(SolutionConfigurationPlatforms) = preSolution
		Debug|Any CPU = Debug|Any CPU
		Release|Any CPU = Release|Any CPU
	EndGlobalSection
	GlobalSection(ProjectConfigurationPlatforms) = postSolution
		{1056C579-9F83-419F-ACAC-06E652C32B13}.Debug|Any CPU.ActiveCfg = Debug|Any CPU
		{1056C579-9F83-419F-ACAC-06E652C32B13}.Debug|Any CPU.Build.0 = Debug|Any CPU
		{1056C579-9F83-419F-ACAC-06E652C32B13}.Release|Any CPU.ActiveCfg = Release|Any CPU
		{1056C579-9F83-419F-ACAC-06E652C32B13}.Release|Any CPU.Build.0 = Release|Any CPU
	EndGlobalSection
	GlobalSection(SolutionProperties) = preSolution
		HideSolutionNode = FALSE
	EndGlobalSection
	GlobalSection(ExtensibilityGlobals) = postSolution
		SolutionGuid = {869730BF-0A60-41AF-8C87-BE40F691AD11}
	EndGlobalSection
EndGlobal
