
Microsoft Visual Studio Solution File, Format Version 12.00
# Visual Studio 15
VisualStudioVersion = 15.0.26730.12
MinimumVisualStudioVersion = 10.0.40219.1
Project("{FAE04EC0-301F-11D3-BF4B-00C04F79EFBC}") = "RedditWebApp", "RedditWebApp\RedditWebApp.csproj", "{67DE0F61-1F66-4797-A4AE-B0AC836C835F}"
EndProject
Global
	GlobalSection(SolutionConfigurationPlatforms) = preSolution
		Debug|Any CPU = Debug|Any CPU
		Release|Any CPU = Release|Any CPU
	EndGlobalSection
	GlobalSection(ProjectConfigurationPlatforms) = postSolution
		{67DE0F61-1F66-4797-A4AE-B0AC836C835F}.Debug|Any CPU.ActiveCfg = Debug|Any CPU
		{67DE0F61-1F66-4797-A4AE-B0AC836C835F}.Debug|Any CPU.Build.0 = Debug|Any CPU
		{67DE0F61-1F66-4797-A4AE-B0AC836C835F}.Release|Any CPU.ActiveCfg = Release|Any CPU
		{67DE0F61-1F66-4797-A4AE-B0AC836C835F}.Release|Any CPU.Build.0 = Release|Any CPU
	EndGlobalSection
	GlobalSection(SolutionProperties) = preSolution
		HideSolutionNode = FALSE
	EndGlobalSection
	GlobalSection(ExtensibilityGlobals) = postSolution
		SolutionGuid = {2C6184E0-5855-4279-8715-2757F7411EE6}
	EndGlobalSection
EndGlobal
