
Microsoft Visual Studio Solution File, Format Version 12.00
# Visual Studio 15
VisualStudioVersion = 15.0.26730.12
MinimumVisualStudioVersion = 10.0.40219.1
Project("{FAE04EC0-301F-11D3-BF4B-00C04F79EFBC}") = "DiceAgain", "DiceAgain\DiceAgain.csproj", "{365977CF-7E6C-4605-97DB-325C909795EE}"
EndProject
Global
	GlobalSection(SolutionConfigurationPlatforms) = preSolution
		Debug|Any CPU = Debug|Any CPU
		Release|Any CPU = Release|Any CPU
	EndGlobalSection
	GlobalSection(ProjectConfigurationPlatforms) = postSolution
		{365977CF-7E6C-4605-97DB-325C909795EE}.Debug|Any CPU.ActiveCfg = Debug|Any CPU
		{365977CF-7E6C-4605-97DB-325C909795EE}.Debug|Any CPU.Build.0 = Debug|Any CPU
		{365977CF-7E6C-4605-97DB-325C909795EE}.Release|Any CPU.ActiveCfg = Release|Any CPU
		{365977CF-7E6C-4605-97DB-325C909795EE}.Release|Any CPU.Build.0 = Release|Any CPU
	EndGlobalSection
	GlobalSection(SolutionProperties) = preSolution
		HideSolutionNode = FALSE
	EndGlobalSection
	GlobalSection(ExtensibilityGlobals) = postSolution
		SolutionGuid = {F0FB23F0-3750-4A06-8F76-9BDEE60CEFC9}
	EndGlobalSection
EndGlobal
