
Microsoft Visual Studio Solution File, Format Version 12.00
# Visual Studio 15
VisualStudioVersion = 15.0.26730.12
MinimumVisualStudioVersion = 10.0.40219.1
Project("{FAE04EC0-301F-11D3-BF4B-00C04F79EFBC}") = "Cloneable", "Cloneable\Cloneable.csproj", "{C455DB5D-E880-4401-A4D0-68CC133D0447}"
EndProject
Global
	GlobalSection(SolutionConfigurationPlatforms) = preSolution
		Debug|Any CPU = Debug|Any CPU
		Release|Any CPU = Release|Any CPU
	EndGlobalSection
	GlobalSection(ProjectConfigurationPlatforms) = postSolution
		{C455DB5D-E880-4401-A4D0-68CC133D0447}.Debug|Any CPU.ActiveCfg = Debug|Any CPU
		{C455DB5D-E880-4401-A4D0-68CC133D0447}.Debug|Any CPU.Build.0 = Debug|Any CPU
		{C455DB5D-E880-4401-A4D0-68CC133D0447}.Release|Any CPU.ActiveCfg = Release|Any CPU
		{C455DB5D-E880-4401-A4D0-68CC133D0447}.Release|Any CPU.Build.0 = Release|Any CPU
	EndGlobalSection
	GlobalSection(SolutionProperties) = preSolution
		HideSolutionNode = FALSE
	EndGlobalSection
	GlobalSection(ExtensibilityGlobals) = postSolution
		SolutionGuid = {96054FFF-B480-4B25-925F-23A719A1CDD6}
	EndGlobalSection
EndGlobal
