
Microsoft Visual Studio Solution File, Format Version 12.00
# Visual Studio 15
VisualStudioVersion = 15.0.26730.12
MinimumVisualStudioVersion = 10.0.40219.1
Project("{FAE04EC0-301F-11D3-BF4B-00C04F79EFBC}") = "OddAverage", "OddAverage\OddAverage.csproj", "{09E97FE7-AAE1-478B-92C5-15E75AF7FF56}"
EndProject
Global
	GlobalSection(SolutionConfigurationPlatforms) = preSolution
		Debug|Any CPU = Debug|Any CPU
		Release|Any CPU = Release|Any CPU
	EndGlobalSection
	GlobalSection(ProjectConfigurationPlatforms) = postSolution
		{09E97FE7-AAE1-478B-92C5-15E75AF7FF56}.Debug|Any CPU.ActiveCfg = Debug|Any CPU
		{09E97FE7-AAE1-478B-92C5-15E75AF7FF56}.Debug|Any CPU.Build.0 = Debug|Any CPU
		{09E97FE7-AAE1-478B-92C5-15E75AF7FF56}.Release|Any CPU.ActiveCfg = Release|Any CPU
		{09E97FE7-AAE1-478B-92C5-15E75AF7FF56}.Release|Any CPU.Build.0 = Release|Any CPU
	EndGlobalSection
	GlobalSection(SolutionProperties) = preSolution
		HideSolutionNode = FALSE
	EndGlobalSection
	GlobalSection(ExtensibilityGlobals) = postSolution
		SolutionGuid = {52D87CB6-C138-44F7-9F60-CF10EC4F7F0D}
	EndGlobalSection
EndGlobal
