
Microsoft Visual Studio Solution File, Format Version 12.00
# Visual Studio 15
VisualStudioVersion = 15.0.26730.12
MinimumVisualStudioVersion = 10.0.40219.1
Project("{FAE04EC0-301F-11D3-BF4B-00C04F79EFBC}") = "CopyFileAgain", "CopyFileAgain\CopyFileAgain.csproj", "{CCE60B59-E746-489A-9817-95BE2EA37168}"
EndProject
Global
	GlobalSection(SolutionConfigurationPlatforms) = preSolution
		Debug|Any CPU = Debug|Any CPU
		Release|Any CPU = Release|Any CPU
	EndGlobalSection
	GlobalSection(ProjectConfigurationPlatforms) = postSolution
		{CCE60B59-E746-489A-9817-95BE2EA37168}.Debug|Any CPU.ActiveCfg = Debug|Any CPU
		{CCE60B59-E746-489A-9817-95BE2EA37168}.Debug|Any CPU.Build.0 = Debug|Any CPU
		{CCE60B59-E746-489A-9817-95BE2EA37168}.Release|Any CPU.ActiveCfg = Release|Any CPU
		{CCE60B59-E746-489A-9817-95BE2EA37168}.Release|Any CPU.Build.0 = Release|Any CPU
	EndGlobalSection
	GlobalSection(SolutionProperties) = preSolution
		HideSolutionNode = FALSE
	EndGlobalSection
	GlobalSection(ExtensibilityGlobals) = postSolution
		SolutionGuid = {67B15534-E5C6-4EDA-94B4-64D0F3A9F2D4}
	EndGlobalSection
EndGlobal
